
Microsoft Visual Studio Solution File, Format Version 12.00
# Visual Studio Version 17
VisualStudioVersion = 17.14.36310.24
MinimumVisualStudioVersion = 10.0.40219.1
Project("{FAE04EC0-301F-11D3-BF4B-00C04F79EFBC}") = "Domain", "Domain\Domain.csproj", "{9176B441-732E-422C-83A0-57017B4532AD}"
EndProject
Project("{FAE04EC0-301F-11D3-BF4B-00C04F79EFBC}") = "Infraestructure", "Infraestructure\Infraestructure.csproj", "{79BE7CB8-ABDF-4914-A225-86E4CF92FD73}"
EndProject
Project("{FAE04EC0-301F-11D3-BF4B-00C04F79EFBC}") = "Application", "Application\Application.csproj", "{2EF2D145-B628-4B8C-A6A9-291B7F7FBB2C}"
EndProject
Project("{FAE04EC0-301F-11D3-BF4B-00C04F79EFBC}") = "API", "API\API.csproj", "{C23FA978-3E86-4877-B2A4-C4AEAB5C2C6F}"
EndProject
Global
	GlobalSection(SolutionConfigurationPlatforms) = preSolution
		Debug|Any CPU = Debug|Any CPU
		Release|Any CPU = Release|Any CPU
	EndGlobalSection
	GlobalSection(ProjectConfigurationPlatforms) = postSolution
		{9176B441-732E-422C-83A0-57017B4532AD}.Debug|Any CPU.ActiveCfg = Debug|Any CPU
		{9176B441-732E-422C-83A0-57017B4532AD}.Debug|Any CPU.Build.0 = Debug|Any CPU
		{9176B441-732E-422C-83A0-57017B4532AD}.Release|Any CPU.ActiveCfg = Release|Any CPU
		{9176B441-732E-422C-83A0-57017B4532AD}.Release|Any CPU.Build.0 = Release|Any CPU
		{79BE7CB8-ABDF-4914-A225-86E4CF92FD73}.Debug|Any CPU.ActiveCfg = Debug|Any CPU
		{79BE7CB8-ABDF-4914-A225-86E4CF92FD73}.Debug|Any CPU.Build.0 = Debug|Any CPU
		{79BE7CB8-ABDF-4914-A225-86E4CF92FD73}.Release|Any CPU.ActiveCfg = Release|Any CPU
		{79BE7CB8-ABDF-4914-A225-86E4CF92FD73}.Release|Any CPU.Build.0 = Release|Any CPU
		{2EF2D145-B628-4B8C-A6A9-291B7F7FBB2C}.Debug|Any CPU.ActiveCfg = Debug|Any CPU
		{2EF2D145-B628-4B8C-A6A9-291B7F7FBB2C}.Debug|Any CPU.Build.0 = Debug|Any CPU
		{2EF2D145-B628-4B8C-A6A9-291B7F7FBB2C}.Release|Any CPU.ActiveCfg = Release|Any CPU
		{2EF2D145-B628-4B8C-A6A9-291B7F7FBB2C}.Release|Any CPU.Build.0 = Release|Any CPU
		{C23FA978-3E86-4877-B2A4-C4AEAB5C2C6F}.Debug|Any CPU.ActiveCfg = Debug|Any CPU
		{C23FA978-3E86-4877-B2A4-C4AEAB5C2C6F}.Debug|Any CPU.Build.0 = Debug|Any CPU
		{C23FA978-3E86-4877-B2A4-C4AEAB5C2C6F}.Release|Any CPU.ActiveCfg = Release|Any CPU
		{C23FA978-3E86-4877-B2A4-C4AEAB5C2C6F}.Release|Any CPU.Build.0 = Release|Any CPU
	EndGlobalSection
	GlobalSection(SolutionProperties) = preSolution
		HideSolutionNode = FALSE
	EndGlobalSection
	GlobalSection(ExtensibilityGlobals) = postSolution
		SolutionGuid = {12A0C567-7072-42C3-BFB9-75B3247466D1}
	EndGlobalSection
EndGlobal
